
Microsoft Visual Studio Solution File, Format Version 12.00
# Visual Studio Version 17
VisualStudioVersion = 17.8.34408.163
MinimumVisualStudioVersion = 10.0.40219.1
Project("{8BC9CEB8-8B4A-11D0-8D11-00A0C91BC942}") = "GLAD", "GLAD\GLAD.vcxproj", "{D650DDAF-C3CE-4A86-AD6B-9638FE85FB39}"
EndProject
Project("{8BC9CEB8-8B4A-11D0-8D11-00A0C91BC942}") = "SCALD_UTILITIES", "SCALD_UTILITIES\SCALD_UTILITIES.vcxproj", "{C8A9D57E-2530-4CEF-BC7D-FADBB9AA8770}"
EndProject
Project("{8BC9CEB8-8B4A-11D0-8D11-00A0C91BC942}") = "SCALD_WINDOW", "SCALD_WINDOW\SCALD_WINDOW.vcxproj", "{2ECF9637-608B-4F26-8266-0F9C7FDE2D7E}"
EndProject
Project("{8BC9CEB8-8B4A-11D0-8D11-00A0C91BC942}") = "SCALD_EDITOR", "SCALD_EDITOR\SCALD_EDITOR.vcxproj", "{3DB4091D-9010-4C5B-AC25-D377767A208E}"
EndProject
Project("{8BC9CEB8-8B4A-11D0-8D11-00A0C91BC942}") = "SOIL", "SOIL\SOIL.vcxproj", "{DBA559A5-44B9-4D1F-A0B9-A014719EF6BB}"
EndProject
Project("{8BC9CEB8-8B4A-11D0-8D11-00A0C91BC942}") = "SCALD_RENDERING", "SCALD_RENDERING\SCALD_RENDERING.vcxproj", "{CC587167-002B-489C-9D27-008A0B375BCB}"
EndProject
Project("{8BC9CEB8-8B4A-11D0-8D11-00A0C91BC942}") = "SCALD_LOGGER", "SCALD_LOGGER\SCALD_LOGGER.vcxproj", "{FDB37448-1592-4B1C-B2EE-6BBBA7C3C5D2}"
EndProject
Project("{8BC9CEB8-8B4A-11D0-8D11-00A0C91BC942}") = "SCALD_CORE", "SCALD_CORE\SCALD_CORE.vcxproj", "{BA6A99C3-8652-4B0E-A56E-1AB54ECF3A19}"
EndProject
Global
	GlobalSection(SolutionConfigurationPlatforms) = preSolution
		Debug|x64 = Debug|x64
		Debug|x86 = Debug|x86
		Release|x64 = Release|x64
		Release|x86 = Release|x86
	EndGlobalSection
	GlobalSection(ProjectConfigurationPlatforms) = postSolution
		{D650DDAF-C3CE-4A86-AD6B-9638FE85FB39}.Debug|x64.ActiveCfg = Debug|x64
		{D650DDAF-C3CE-4A86-AD6B-9638FE85FB39}.Debug|x64.Build.0 = Debug|x64
		{D650DDAF-C3CE-4A86-AD6B-9638FE85FB39}.Debug|x86.ActiveCfg = Debug|Win32
		{D650DDAF-C3CE-4A86-AD6B-9638FE85FB39}.Debug|x86.Build.0 = Debug|Win32
		{D650DDAF-C3CE-4A86-AD6B-9638FE85FB39}.Release|x64.ActiveCfg = Release|x64
		{D650DDAF-C3CE-4A86-AD6B-9638FE85FB39}.Release|x64.Build.0 = Release|x64
		{D650DDAF-C3CE-4A86-AD6B-9638FE85FB39}.Release|x86.ActiveCfg = Release|Win32
		{D650DDAF-C3CE-4A86-AD6B-9638FE85FB39}.Release|x86.Build.0 = Release|Win32
		{C8A9D57E-2530-4CEF-BC7D-FADBB9AA8770}.Debug|x64.ActiveCfg = Debug|x64
		{C8A9D57E-2530-4CEF-BC7D-FADBB9AA8770}.Debug|x64.Build.0 = Debug|x64
		{C8A9D57E-2530-4CEF-BC7D-FADBB9AA8770}.Debug|x86.ActiveCfg = Debug|Win32
		{C8A9D57E-2530-4CEF-BC7D-FADBB9AA8770}.Debug|x86.Build.0 = Debug|Win32
		{C8A9D57E-2530-4CEF-BC7D-FADBB9AA8770}.Release|x64.ActiveCfg = Release|x64
		{C8A9D57E-2530-4CEF-BC7D-FADBB9AA8770}.Release|x64.Build.0 = Release|x64
		{C8A9D57E-2530-4CEF-BC7D-FADBB9AA8770}.Release|x86.ActiveCfg = Release|Win32
		{C8A9D57E-2530-4CEF-BC7D-FADBB9AA8770}.Release|x86.Build.0 = Release|Win32
		{2ECF9637-608B-4F26-8266-0F9C7FDE2D7E}.Debug|x64.ActiveCfg = Debug|x64
		{2ECF9637-608B-4F26-8266-0F9C7FDE2D7E}.Debug|x64.Build.0 = Debug|x64
		{2ECF9637-608B-4F26-8266-0F9C7FDE2D7E}.Debug|x86.ActiveCfg = Debug|Win32
		{2ECF9637-608B-4F26-8266-0F9C7FDE2D7E}.Debug|x86.Build.0 = Debug|Win32
		{2ECF9637-608B-4F26-8266-0F9C7FDE2D7E}.Release|x64.ActiveCfg = Release|x64
		{2ECF9637-608B-4F26-8266-0F9C7FDE2D7E}.Release|x64.Build.0 = Release|x64
		{2ECF9637-608B-4F26-8266-0F9C7FDE2D7E}.Release|x86.ActiveCfg = Release|Win32
		{2ECF9637-608B-4F26-8266-0F9C7FDE2D7E}.Release|x86.Build.0 = Release|Win32
		{3DB4091D-9010-4C5B-AC25-D377767A208E}.Debug|x64.ActiveCfg = Debug|x64
		{3DB4091D-9010-4C5B-AC25-D377767A208E}.Debug|x64.Build.0 = Debug|x64
		{3DB4091D-9010-4C5B-AC25-D377767A208E}.Debug|x86.ActiveCfg = Debug|Win32
		{3DB4091D-9010-4C5B-AC25-D377767A208E}.Debug|x86.Build.0 = Debug|Win32
		{3DB4091D-9010-4C5B-AC25-D377767A208E}.Release|x64.ActiveCfg = Release|x64
		{3DB4091D-9010-4C5B-AC25-D377767A208E}.Release|x64.Build.0 = Release|x64
		{3DB4091D-9010-4C5B-AC25-D377767A208E}.Release|x86.ActiveCfg = Release|Win32
		{3DB4091D-9010-4C5B-AC25-D377767A208E}.Release|x86.Build.0 = Release|Win32
		{DBA559A5-44B9-4D1F-A0B9-A014719EF6BB}.Debug|x64.ActiveCfg = Debug|x64
		{DBA559A5-44B9-4D1F-A0B9-A014719EF6BB}.Debug|x64.Build.0 = Debug|x64
		{DBA559A5-44B9-4D1F-A0B9-A014719EF6BB}.Debug|x86.ActiveCfg = Debug|Win32
		{DBA559A5-44B9-4D1F-A0B9-A014719EF6BB}.Debug|x86.Build.0 = Debug|Win32
		{DBA559A5-44B9-4D1F-A0B9-A014719EF6BB}.Release|x64.ActiveCfg = Release|x64
		{DBA559A5-44B9-4D1F-A0B9-A014719EF6BB}.Release|x64.Build.0 = Release|x64
		{DBA559A5-44B9-4D1F-A0B9-A014719EF6BB}.Release|x86.ActiveCfg = Release|Win32
		{DBA559A5-44B9-4D1F-A0B9-A014719EF6BB}.Release|x86.Build.0 = Release|Win32
		{CC587167-002B-489C-9D27-008A0B375BCB}.Debug|x64.ActiveCfg = Debug|x64
		{CC587167-002B-489C-9D27-008A0B375BCB}.Debug|x64.Build.0 = Debug|x64
		{CC587167-002B-489C-9D27-008A0B375BCB}.Debug|x86.ActiveCfg = Debug|Win32
		{CC587167-002B-489C-9D27-008A0B375BCB}.Debug|x86.Build.0 = Debug|Win32
		{CC587167-002B-489C-9D27-008A0B375BCB}.Release|x64.ActiveCfg = Release|x64
		{CC587167-002B-489C-9D27-008A0B375BCB}.Release|x64.Build.0 = Release|x64
		{CC587167-002B-489C-9D27-008A0B375BCB}.Release|x86.ActiveCfg = Release|Win32
		{CC587167-002B-489C-9D27-008A0B375BCB}.Release|x86.Build.0 = Release|Win32
		{FDB37448-1592-4B1C-B2EE-6BBBA7C3C5D2}.Debug|x64.ActiveCfg = Debug|x64
		{FDB37448-1592-4B1C-B2EE-6BBBA7C3C5D2}.Debug|x64.Build.0 = Debug|x64
		{FDB37448-1592-4B1C-B2EE-6BBBA7C3C5D2}.Debug|x86.ActiveCfg = Debug|Win32
		{FDB37448-1592-4B1C-B2EE-6BBBA7C3C5D2}.Debug|x86.Build.0 = Debug|Win32
		{FDB37448-1592-4B1C-B2EE-6BBBA7C3C5D2}.Release|x64.ActiveCfg = Release|x64
		{FDB37448-1592-4B1C-B2EE-6BBBA7C3C5D2}.Release|x64.Build.0 = Release|x64
		{FDB37448-1592-4B1C-B2EE-6BBBA7C3C5D2}.Release|x86.ActiveCfg = Release|Win32
		{FDB37448-1592-4B1C-B2EE-6BBBA7C3C5D2}.Release|x86.Build.0 = Release|Win32
		{BA6A99C3-8652-4B0E-A56E-1AB54ECF3A19}.Debug|x64.ActiveCfg = Debug|x64
		{BA6A99C3-8652-4B0E-A56E-1AB54ECF3A19}.Debug|x64.Build.0 = Debug|x64
		{BA6A99C3-8652-4B0E-A56E-1AB54ECF3A19}.Debug|x86.ActiveCfg = Debug|Win32
		{BA6A99C3-8652-4B0E-A56E-1AB54ECF3A19}.Debug|x86.Build.0 = Debug|Win32
		{BA6A99C3-8652-4B0E-A56E-1AB54ECF3A19}.Release|x64.ActiveCfg = Release|x64
		{BA6A99C3-8652-4B0E-A56E-1AB54ECF3A19}.Release|x64.Build.0 = Release|x64
		{BA6A99C3-8652-4B0E-A56E-1AB54ECF3A19}.Release|x86.ActiveCfg = Release|Win32
		{BA6A99C3-8652-4B0E-A56E-1AB54ECF3A19}.Release|x86.Build.0 = Release|Win32
	EndGlobalSection
	GlobalSection(SolutionProperties) = preSolution
		HideSolutionNode = FALSE
	EndGlobalSection
	GlobalSection(ExtensibilityGlobals) = postSolution
		SolutionGuid = {D34CE589-F309-4EE1-BEFF-374F96FB536E}
	EndGlobalSection
EndGlobal
